<?xml version="1.0" encoding="UTF-8" standalone="yes" ?>
<CodeBlocks_project_file>
	<FileVersion major="1" minor="6" />
	<Project>
		<Option title="Estacionamiento" />
		<Option pch_mode="2" />
		<Option compiler="gcc" />
		<Option virtualFolders="Tarifa/;Vehiculo/;Cliente/;Ticket/;Pago/;Abono/;Plaza/;Reserva/;Flujos/" />
		<Build>
			<Target title="Debug">
				<Option output="bin/Debug/Estacionamiento" prefix_auto="1" extension_auto="1" />
				<Option object_output="obj/Debug/" />
				<Option type="1" />
				<Option compiler="gcc" />
				<Compiler>
					<Add option="-g" />
					<Add directory="../Estacionamiento" />
					<Add directory="../Proyecto_Sistema" />
					<Add directory="include" />
				</Compiler>
			</Target>
			<Target title="Release">
				<Option output="bin/Release/Estacionamiento" prefix_auto="1" extension_auto="1" />
				<Option object_output="obj/Release/" />
				<Option type="1" />
				<Option compiler="gcc" />
				<Compiler>
					<Add option="-O2" />
					<Add directory="../Estacionamiento" />
					<Add directory="../Proyecto_Sistema" />
					<Add directory="include" />
				</Compiler>
				<Linker>
					<Add option="-s" />
				</Linker>
			</Target>
		</Build>
		<Compiler>
			<Add option="-Wall" />
			<Add option="-fexceptions" />
		</Compiler>
		<Unit filename="Abono.cpp">
			<Option virtualFolder="Abono/" />
		</Unit>
		<Unit filename="Abono.h">
			<Option virtualFolder="Abono/" />
		</Unit>
		<Unit filename="AbonoManager.cpp">
			<Option virtualFolder="Abono/" />
		</Unit>
		<Unit filename="AbonoManager.h">
			<Option virtualFolder="Abono/" />
		</Unit>
		<Unit filename="AbonoMenu.cpp">
			<Option virtualFolder="Abono/" />
		</Unit>
		<Unit filename="AbonoMenu.h">
			<Option virtualFolder="Abono/" />
			<Option target="&lt;{~None~}&gt;" />
		</Unit>
		<Unit filename="ArchivoAbono.cpp">
			<Option virtualFolder="Abono/" />
		</Unit>
		<Unit filename="ArchivoAbono.h">
			<Option virtualFolder="Abono/" />
		</Unit>
		<Unit filename="ArchivoPlaza.cpp">
			<Option virtualFolder="Plaza/" />
		</Unit>
		<Unit filename="ArchivoPlaza.h">
			<Option virtualFolder="Plaza/" />
		</Unit>
		<Unit filename="ArchivoTicket.cpp">
			<Option virtualFolder="Ticket/" />
		</Unit>
		<Unit filename="ArchivoTicket.h">
			<Option virtualFolder="Ticket/" />
			<Option target="&lt;{~None~}&gt;" />
		</Unit>
		<Unit filename="Cliente.cpp">
			<Option virtualFolder="Cliente/" />
		</Unit>
		<Unit filename="Cliente.h">
			<Option virtualFolder="Cliente/" />
		</Unit>
		<Unit filename="ClienteArchivo.cpp">
			<Option virtualFolder="Cliente/" />
		</Unit>
		<Unit filename="ClienteArchivo.h">
			<Option virtualFolder="Cliente/" />
		</Unit>
		<Unit filename="ClienteManager.cpp">
			<Option virtualFolder="Cliente/" />
		</Unit>
		<Unit filename="ClienteManager.h">
			<Option virtualFolder="Cliente/" />
			<Option target="&lt;{~None~}&gt;" />
		</Unit>
		<Unit filename="ClienteMenu.cpp">
			<Option virtualFolder="Cliente/" />
		</Unit>
		<Unit filename="ClienteMenu.h">
			<Option virtualFolder="Cliente/" />
			<Option target="&lt;{~None~}&gt;" />
		</Unit>
		<Unit filename="EntradaSinReservaManager.cpp">
			<Option virtualFolder="Flujos/" />
		</Unit>
		<Unit filename="EntradaSinReservaManager.h">
			<Option virtualFolder="Flujos/" />
		</Unit>
		<Unit filename="Estacionamiento de Vehiculos.cpp" />
		<Unit filename="Fecha.cpp" />
		<Unit filename="Fecha.h" />
		<Unit filename="FechaHora.cpp" />
		<Unit filename="FechaHora.h" />
		<Unit filename="Hora.cpp" />
		<Unit filename="Hora.h" />
		<Unit filename="MenuPrincipal.cpp" />
		<Unit filename="MenuPrincipal.h" />
		<Unit filename="Pago.cpp">
			<Option virtualFolder="Pago/" />
		</Unit>
		<Unit filename="Pago.h">
			<Option virtualFolder="Pago/" />
		</Unit>
		<Unit filename="PagoArchivo.cpp">
			<Option virtualFolder="Pago/" />
		</Unit>
		<Unit filename="PagoArchivo.h">
			<Option virtualFolder="Pago/" />
		</Unit>
		<Unit filename="PagoManager.cpp">
			<Option virtualFolder="Pago/" />
		</Unit>
		<Unit filename="PagoManager.h">
			<Option virtualFolder="Pago/" />
		</Unit>
		<Unit filename="Plaza.cpp">
			<Option virtualFolder="Plaza/" />
		</Unit>
		<Unit filename="Plaza.h">
			<Option virtualFolder="Plaza/" />
		</Unit>
		<Unit filename="PlazaManager.cpp">
			<Option virtualFolder="Plaza/" />
		</Unit>
		<Unit filename="PlazaManager.h">
			<Option virtualFolder="Plaza/" />
		</Unit>
		<Unit filename="PlazaMenu.cpp">
			<Option virtualFolder="Plaza/" />
		</Unit>
		<Unit filename="PlazaMenu.h">
			<Option virtualFolder="Plaza/" />
		</Unit>
		<Unit filename="Reserva.cpp">
			<Option virtualFolder="Reserva/" />
		</Unit>
		<Unit filename="Reserva.h">
			<Option virtualFolder="Reserva/" />
		</Unit>
		<Unit filename="ReservaArchivo.cpp">
			<Option virtualFolder="Reserva/" />
		</Unit>
		<Unit filename="ReservaArchivo.h">
			<Option virtualFolder="Reserva/" />
		</Unit>
		<Unit filename="ReservaManager.cpp">
			<Option virtualFolder="Reserva/" />
		</Unit>
		<Unit filename="ReservaManager.h">
			<Option virtualFolder="Reserva/" />
		</Unit>
		<Unit filename="ReservaMenu.cpp">
			<Option virtualFolder="Reserva/" />
		</Unit>
		<Unit filename="ReservaMenu.h">
			<Option virtualFolder="Reserva/" />
		</Unit>
		<Unit filename="Tarifa.cpp">
			<Option virtualFolder="Tarifa/" />
		</Unit>
		<Unit filename="Tarifa.h">
			<Option virtualFolder="Tarifa/" />
		</Unit>
		<Unit filename="TarifaArchivo.cpp">
			<Option virtualFolder="Tarifa/" />
		</Unit>
		<Unit filename="TarifaArchivo.h">
			<Option virtualFolder="Tarifa/" />
		</Unit>
		<Unit filename="TarifaManager.cpp">
			<Option virtualFolder="Tarifa/" />
		</Unit>
		<Unit filename="TarifaManager.h">
			<Option virtualFolder="Tarifa/" />
		</Unit>
		<Unit filename="TarifaMenu.cpp">
			<Option virtualFolder="Tarifa/" />
		</Unit>
		<Unit filename="TarifaMenu.h">
			<Option virtualFolder="Tarifa/" />
		</Unit>
		<Unit filename="Ticket.cpp">
			<Option virtualFolder="Ticket/" />
		</Unit>
		<Unit filename="Ticket.h">
			<Option virtualFolder="Ticket/" />
		</Unit>
		<Unit filename="TicketManager.cpp">
			<Option virtualFolder="Ticket/" />
		</Unit>
		<Unit filename="TicketManager.h">
			<Option virtualFolder="Ticket/" />
			<Option target="&lt;{~None~}&gt;" />
		</Unit>
		<Unit filename="TicketMenu.cpp">
			<Option virtualFolder="Ticket/" />
		</Unit>
		<Unit filename="TicketMenu.h">
			<Option virtualFolder="Ticket/" />
			<Option target="&lt;{~None~}&gt;" />
		</Unit>
		<Unit filename="Vehiculo.cpp">
			<Option virtualFolder="Vehiculo/" />
		</Unit>
		<Unit filename="Vehiculo.h">
			<Option virtualFolder="Vehiculo/" />
		</Unit>
		<Unit filename="VehiculoArchivo.cpp">
			<Option virtualFolder="Vehiculo/" />
		</Unit>
		<Unit filename="VehiculoArchivo.h">
			<Option virtualFolder="Vehiculo/" />
		</Unit>
		<Unit filename="VehiculoManager.cpp">
			<Option virtualFolder="Vehiculo/" />
		</Unit>
		<Unit filename="VehiculoManager.h">
			<Option virtualFolder="Vehiculo/" />
			<Option target="&lt;{~None~}&gt;" />
		</Unit>
		<Unit filename="VehiculoMenu.cpp">
			<Option virtualFolder="Vehiculo/" />
		</Unit>
		<Unit filename="VehiculoMenu.h">
			<Option virtualFolder="Vehiculo/" />
			<Option target="&lt;{~None~}&gt;" />
		</Unit>
		<Unit filename="include/PagoMenu.h">
			<Option virtualFolder="Pago/" />
		</Unit>
		<Unit filename="src/PagoMenu.cpp">
			<Option virtualFolder="Pago/" />
		</Unit>
		<Unit filename="utils.cpp" />
		<Unit filename="utils.h" />
		<Extensions>
			<lib_finder disable_auto="1" />
		</Extensions>
	</Project>
</CodeBlocks_project_file>
